
Microsoft Visual Studio Solution File, Format Version 12.00
# Visual Studio Version 17
VisualStudioVersion = 17.2.32616.157
MinimumVisualStudioVersion = 10.0.40219.1
Project("{FAE04EC0-301F-11D3-BF4B-00C04F79EFBC}") = "CommanderAPI", "CommanderAPI\CommanderAPI.csproj", "{84D95F90-2A8A-41DD-A4D2-60FC5DF9F726}"
EndProject
Global
	GlobalSection(SolutionConfigurationPlatforms) = preSolution
		Debug|Any CPU = Debug|Any CPU
		Release|Any CPU = Release|Any CPU
	EndGlobalSection
	GlobalSection(ProjectConfigurationPlatforms) = postSolution
		{84D95F90-2A8A-41DD-A4D2-60FC5DF9F726}.Debug|Any CPU.ActiveCfg = Debug|Any CPU
		{84D95F90-2A8A-41DD-A4D2-60FC5DF9F726}.Debug|Any CPU.Build.0 = Debug|Any CPU
		{84D95F90-2A8A-41DD-A4D2-60FC5DF9F726}.Release|Any CPU.ActiveCfg = Release|Any CPU
		{84D95F90-2A8A-41DD-A4D2-60FC5DF9F726}.Release|Any CPU.Build.0 = Release|Any CPU
	EndGlobalSection
	GlobalSection(SolutionProperties) = preSolution
		HideSolutionNode = FALSE
	EndGlobalSection
	GlobalSection(ExtensibilityGlobals) = postSolution
		SolutionGuid = {04463D88-8864-4BD1-AA80-2148366C018B}
	EndGlobalSection
EndGlobal
